<?xml version="1.0" encoding="utf-8"?>
<Project ToolsVersion="4.0" xmlns="http://schemas.microsoft.com/developer/msbuild/2003">
  <ItemGroup>
    <Filter Include="Source Files">
      <UniqueIdentifier>{4FC737F1-C7A5-4376-A066-2A32D752A2FF}</UniqueIdentifier>
      <Extensions>cpp;c;cc;cxx;def;odl;idl;hpj;bat;asm;asmx</Extensions>
    </Filter>
    <Filter Include="Header Files">
      <UniqueIdentifier>{93995380-89BD-4b04-88EB-625FBE52EBFB}</UniqueIdentifier>
      <Extensions>h;hpp;hxx;hm;inl;inc;xsd</Extensions>
    </Filter>
    <Filter Include="Resource Files">
      <UniqueIdentifier>{67DA6AB6-F800-4c08-8B7A-83BB121AAD01}</UniqueIdentifier>
      <Extensions>rc;ico;cur;bmp;dlg;rc2;rct;bin;rgs;gif;jpg;jpeg;jpe;resx;tiff;tif;png;wav;mfcribbon-ms</Extensions>
    </Filter>
  </ItemGroup>
  <ItemGroup>
    <ClInclude Include="targetver.h">
      <Filter>Source Files</Filter>
    </ClInclude>
    <ClInclude Include="CashBox.h">
      <Filter>Header Files</Filter>
    </ClInclude>
    <ClInclude Include="CoinMechs.h">
      <Filter>Header Files</Filter>
    </ClInclude>
    <ClInclude Include="DeviceEpochRTC.h">
      <Filter>Header Files</Filter>
    </ClInclude>
    <ClInclude Include="Epoch.h">
      <Filter>Header Files</Filter>
    </ClInclude>
    <ClInclude Include="H83002.h">
      <Filter>Header Files</Filter>
    </ClInclude>
    <ClInclude Include="Hoppers.h">
      <Filter>Header Files</Filter>
    </ClInclude>
    <ClInclude Include="Interface.h">
      <Filter>Header Files</Filter>
    </ClInclude>
    <ClInclude Include="Meters.h">
      <Filter>Header Files</Filter>
    </ClInclude>
    <ClInclude Include="PA2CoreInterface.h">
      <Filter>Header Files</Filter>
    </ClInclude>
    <ClInclude Include="Reels.h">
      <Filter>Header Files</Filter>
    </ClInclude>
    <ClInclude Include="stdafx.h">
      <Filter>Header Files</Filter>
    </ClInclude>
    <ClInclude Include="SoundMain.h">
      <Filter>Header Files</Filter>
    </ClInclude>
    <ClInclude Include="EDC.h">
      <Filter>Header Files</Filter>
    </ClInclude>
    <ClInclude Include="AlphaDotMatrix.h">
      <Filter>Header Files</Filter>
    </ClInclude>
    <ClInclude Include="AlphaStarburst.h">
      <Filter>Header Files</Filter>
    </ClInclude>
  </ItemGroup>
  <ItemGroup>
    <ClCompile Include="CashBox.cpp">
      <Filter>Source Files</Filter>
    </ClCompile>
    <ClCompile Include="CoinMechs.cpp">
      <Filter>Source Files</Filter>
    </ClCompile>
    <ClCompile Include="DeviceEpochRTC.cpp">
      <Filter>Source Files</Filter>
    </ClCompile>
    <ClCompile Include="Epoch.cpp">
      <Filter>Source Files</Filter>
    </ClCompile>
    <ClCompile Include="H8Peripherals.cpp">
      <Filter>Source Files</Filter>
    </ClCompile>
    <ClCompile Include="Hoppers.cpp">
      <Filter>Source Files</Filter>
    </ClCompile>
    <ClCompile Include="Interface.cpp">
      <Filter>Source Files</Filter>
    </ClCompile>
    <ClCompile Include="Meters.cpp">
      <Filter>Source Files</Filter>
    </ClCompile>
    <ClCompile Include="Reels.cpp">
      <Filter>Source Files</Filter>
    </ClCompile>
    <ClCompile Include="SoundMain.cpp">
      <Filter>Source Files</Filter>
    </ClCompile>
    <ClCompile Include="stdafx.cpp">
      <Filter>Source Files</Filter>
    </ClCompile>
    <ClCompile Include="H83002new.cpp">
      <Filter>Source Files</Filter>
    </ClCompile>
    <ClCompile Include="EDC.cpp">
      <Filter>Source Files</Filter>
    </ClCompile>
    <ClCompile Include="H83002.cpp">
      <Filter>Source Files</Filter>
    </ClCompile>
    <ClCompile Include="AlphaDotMatrix.cpp">
      <Filter>Source Files</Filter>
    </ClCompile>
    <ClCompile Include="AlphaStarburst.cpp">
      <Filter>Source Files</Filter>
    </ClCompile>
  </ItemGroup>
</Project>